
Microsoft Visual Studio Solution File, Format Version 12.00
# Visual Studio Version 16
VisualStudioVersion = 16.0.29519.87
MinimumVisualStudioVersion = 10.0.40219.1
Project("{FAE04EC0-301F-11D3-BF4B-00C04F79EFBC}") = "Hayward", "Hayward\Hayward.csproj", "{56054B74-90DF-41CA-8053-DB4C022219AF}"
EndProject
Global
	GlobalSection(SolutionConfigurationPlatforms) = preSolution
		Debug|Any CPU = Debug|Any CPU
		Release|Any CPU = Release|Any CPU
	EndGlobalSection
	GlobalSection(ProjectConfigurationPlatforms) = postSolution
		{56054B74-90DF-41CA-8053-DB4C022219AF}.Debug|Any CPU.ActiveCfg = Debug|Any CPU
		{56054B74-90DF-41CA-8053-DB4C022219AF}.Debug|Any CPU.Build.0 = Debug|Any CPU
		{56054B74-90DF-41CA-8053-DB4C022219AF}.Release|Any CPU.ActiveCfg = Release|Any CPU
		{56054B74-90DF-41CA-8053-DB4C022219AF}.Release|Any CPU.Build.0 = Release|Any CPU
	EndGlobalSection
	GlobalSection(SolutionProperties) = preSolution
		HideSolutionNode = FALSE
	EndGlobalSection
	GlobalSection(ExtensibilityGlobals) = postSolution
		SolutionGuid = {CF210BB3-19C0-45C5-86A4-9AE12D62CE8E}
	EndGlobalSection
EndGlobal
